
Microsoft Visual Studio Solution File, Format Version 12.00
# Visual Studio Version 16
VisualStudioVersion = 16.0.28803.452
MinimumVisualStudioVersion = 10.0.40219.1
Project("{FAE04EC0-301F-11D3-BF4B-00C04F79EFBC}") = "MathUtil", "MathUtil.csproj", "{E00CA738-AA97-44DC-B068-FCB60FF9A806}"
EndProject
Project("{FAE04EC0-301F-11D3-BF4B-00C04F79EFBC}") = "MathApp", "MathApp\MathApp.csproj", "{DF9F92C3-034D-4B16-AC1C-F960240306A0}"
EndProject
Project("{FAE04EC0-301F-11D3-BF4B-00C04F79EFBC}") = "FourierDraw", "..\FourierDraw\FourierDraw.csproj", "{822840EE-0F6E-4ACC-9E09-8A1E2D7708AE}"
EndProject
Global
	GlobalSection(SolutionConfigurationPlatforms) = preSolution
		Debug|Any CPU = Debug|Any CPU
		Release|Any CPU = Release|Any CPU
	EndGlobalSection
	GlobalSection(ProjectConfigurationPlatforms) = postSolution
		{E00CA738-AA97-44DC-B068-FCB60FF9A806}.Debug|Any CPU.ActiveCfg = Debug|Any CPU
		{E00CA738-AA97-44DC-B068-FCB60FF9A806}.Debug|Any CPU.Build.0 = Debug|Any CPU
		{E00CA738-AA97-44DC-B068-FCB60FF9A806}.Release|Any CPU.ActiveCfg = Release|Any CPU
		{E00CA738-AA97-44DC-B068-FCB60FF9A806}.Release|Any CPU.Build.0 = Release|Any CPU
		{DF9F92C3-034D-4B16-AC1C-F960240306A0}.Debug|Any CPU.ActiveCfg = Debug|Any CPU
		{DF9F92C3-034D-4B16-AC1C-F960240306A0}.Debug|Any CPU.Build.0 = Debug|Any CPU
		{DF9F92C3-034D-4B16-AC1C-F960240306A0}.Release|Any CPU.ActiveCfg = Release|Any CPU
		{DF9F92C3-034D-4B16-AC1C-F960240306A0}.Release|Any CPU.Build.0 = Release|Any CPU
		{822840EE-0F6E-4ACC-9E09-8A1E2D7708AE}.Debug|Any CPU.ActiveCfg = Debug|Any CPU
		{822840EE-0F6E-4ACC-9E09-8A1E2D7708AE}.Debug|Any CPU.Build.0 = Debug|Any CPU
		{822840EE-0F6E-4ACC-9E09-8A1E2D7708AE}.Release|Any CPU.ActiveCfg = Release|Any CPU
		{822840EE-0F6E-4ACC-9E09-8A1E2D7708AE}.Release|Any CPU.Build.0 = Release|Any CPU
	EndGlobalSection
	GlobalSection(SolutionProperties) = preSolution
		HideSolutionNode = FALSE
	EndGlobalSection
	GlobalSection(ExtensibilityGlobals) = postSolution
		SolutionGuid = {74913042-6EA5-481F-80FC-2FD1F28024C2}
	EndGlobalSection
EndGlobal
